// !$*UTF8*$!
{
	archiveVersion = 1;
	classes = {
	};
	objectVersion = 46;
	objects = {

/* Begin PBXBuildFile section */
		2C1157251AF971FF00B16E8E /* main.m in Sources */ = {isa = PBXBuildFile; fileRef = 2C1157241AF971FF00B16E8E /* main.m */; };
		2C1157281AF971FF00B16E8E /* AppDelegate.m in Sources */ = {isa = PBXBuildFile; fileRef = 2C1157271AF971FF00B16E8E /* AppDelegate.m */; };
		2C11572B1AF971FF00B16E8E /* ViewController.m in Sources */ = {isa = PBXBuildFile; fileRef = 2C11572A1AF971FF00B16E8E /* ViewController.m */; };
		2C11572E1AF971FF00B16E8E /* Main.storyboard in Resources */ = {isa = PBXBuildFile; fileRef = 2C11572C1AF971FF00B16E8E /* Main.storyboard */; };
		2C1157301AF971FF00B16E8E /* Images.xcassets in Resources */ = {isa = PBXBuildFile; fileRef = 2C11572F1AF971FF00B16E8E /* Images.xcassets */; };
		2C1157331AF971FF00B16E8E /* LaunchScreen.xib in Resources */ = {isa = PBXBuildFile; fileRef = 2C1157311AF971FF00B16E8E /* LaunchScreen.xib */; };
		2C11573F1AF971FF00B16E8E /* RewundTests.m in Sources */ = {isa = PBXBuildFile; fileRef = 2C11573E1AF971FF00B16E8E /* RewundTests.m */; };
/* End PBXBuildFile section */

/* Begin PBXContainerItemProxy section */
		2C1157391AF971FF00B16E8E /* PBXContainerItemProxy */ = {
			isa = PBXContainerItemProxy;
			containerPortal = 2C1157171AF971FE00B16E8E /* Project object */;
			proxyType = 1;
			remoteGlobalIDString = 2C11571E1AF971FE00B16E8E;
			remoteInfo = Rewund;
		};
/* End PBXContainerItemProxy section */

/* Begin PBXFileReference section */
		2C11571F1AF971FE00B16E8E /* Rewund.app */ = {isa = PBXFileReference; explicitFileType = wrapper.application; includeInIndex = 0; path = Rewund.app; sourceTree = BUILT_PRODUCTS_DIR; };
		2C1157231AF971FF00B16E8E /* Info.plist */ = {isa = PBXFileReference; lastKnownFileType = text.plist.xml; path = Info.plist; sourceTree = "<group>"; };
		2C1157241AF971FF00B16E8E /* main.m */ = {isa = PBXFileReference; lastKnownFileType = sourcecode.c.objc; path = main.m; sourceTree = "<group>"; };
		2C1157261AF971FF00B16E8E /* AppDelegate.h */ = {isa = PBXFileReference; lastKnownFileType = sourcecode.c.h; path = AppDelegate.h; sourceTree = "<group>"; };
		2C1157271AF971FF00B16E8E /* AppDelegate.m */ = {isa = PBXFileReference; lastKnownFileType = sourcecode.c.objc; path = AppDelegate.m; sourceTree = "<group>"; };
		2C1157291AF971FF00B16E8E /* ViewController.h */ = {isa = PBXFileReference; lastKnownFileType = sourcecode.c.h; path = ViewController.h; sourceTree = "<group>"; };
		2C11572A1AF971FF00B16E8E /* ViewController.m */ = {isa = PBXFileReference; lastKnownFileType = sourcecode.c.objc; path = ViewController.m; sourceTree = "<group>"; };
		2C11572D1AF971FF00B16E8E /* Base */ = {isa = PBXFileReference; lastKnownFileType = file.storyboard; name = Base; path = Base.lproj/Main.storyboard; sourceTree = "<group>"; };
		2C11572F1AF971FF00B16E8E /* Images.xcassets */ = {isa = PBXFileReference; lastKnownFileType = folder.assetcatalog; path = Images.xcassets; sourceTree = "<group>"; };
		2C1157321AF971FF00B16E8E /* Base */ = {isa = PBXFileReference; lastKnownFileType = file.xib; name = Base; path = Base.lproj/LaunchScreen.xib; sourceTree = "<group>"; };
		2C1157381AF971FF00B16E8E /* RewundTests.xctest */ = {isa = PBXFileReference; explicitFileType = wrapper.cfbundle; includeInIndex = 0; path = RewundTests.xctest; sourceTree = BUILT_PRODUCTS_DIR; };
		2C11573D1AF971FF00B16E8E /* Info.plist */ = {isa = PBXFileReference; lastKnownFileType = text.plist.xml; path = Info.plist; sourceTree = "<group>"; };
		2C11573E1AF971FF00B16E8E /* RewundTests.m */ = {isa = PBXFileReference; lastKnownFileType = sourcecode.c.objc; path = RewundTests.m; sourceTree = "<group>"; };
/* End PBXFileReference section */

/* Begin PBXFrameworksBuildPhase section */
		2C11571C1AF971FE00B16E8E /* Frameworks */ = {
			isa = PBXFrameworksBuildPhase;
			buildActionMask = 2147483647;
			files = (
			);
			runOnlyForDeploymentPostprocessing = 0;
		};
		2C1157351AF971FF00B16E8E /* Frameworks */ = {
			isa = PBXFrameworksBuildPhase;
			buildActionMask = 2147483647;
			files = (
			);
			runOnlyForDeploymentPostprocessing = 0;
		};
/* End PBXFrameworksBuildPhase section */

/* Begin PBXGroup section */
		2C1157161AF971FE00B16E8E = {
			isa = PBXGroup;
			children = (
				2C1157211AF971FE00B16E8E /* Rewund */,
				2C11573B1AF971FF00B16E8E /* RewundTests */,
				2C1157201AF971FE00B16E8E /* Products */,
			);
			sourceTree = "<group>";
		};
		2C1157201AF971FE00B16E8E /* Products */ = {
			isa = PBXGroup;
			children = (
				2C11571F1AF971FE00B16E8E /* Rewund.app */,
				2C1157381AF971FF00B16E8E /* RewundTests.xctest */,
			);
			name = Products;
			sourceTree = "<group>";
		};
		2C1157211AF971FE00B16E8E /* Rewund */ = {
			isa = PBXGroup;
			children = (
				2C1157261AF971FF00B16E8E /* AppDelegate.h */,
				2C1157271AF971FF00B16E8E /* AppDelegate.m */,
				2C1157291AF971FF00B16E8E /* ViewController.h */,
				2C11572A1AF971FF00B16E8E /* ViewController.m */,
				2C11572C1AF971FF00B16E8E /* Main.storyboard */,
				2C11572F1AF971FF00B16E8E /* Images.xcassets */,
				2C1157311AF971FF00B16E8E /* LaunchScreen.xib */,
				2C1157221AF971FE00B16E8E /* Supporting Files */,
			);
			path = Rewund;
			sourceTree = "<group>";
		};
		2C1157221AF971FE00B16E8E /* Supporting Files */ = {
			isa = PBXGroup;
			children = (
				2C1157231AF971FF00B16E8E /* Info.plist */,
				2C1157241AF971FF00B16E8E /* main.m */,
			);
			name = "Supporting Files";
			sourceTree = "<group>";
		};
		2C11573B1AF971FF00B16E8E /* RewundTests */ = {
			isa = PBXGroup;
			children = (
				2C11573E1AF971FF00B16E8E /* RewundTests.m */,
				2C11573C1AF971FF00B16E8E /* Supporting Files */,
			);
			path = RewundTests;
			sourceTree = "<group>";
		};
		2C11573C1AF971FF00B16E8E /* Supporting Files */ = {
			isa = PBXGroup;
			children = (
				2C11573D1AF971FF00B16E8E /* Info.plist */,
			);
			name = "Supporting Files";
			sourceTree = "<group>";
		};
/* End PBXGroup section */

/* Begin PBXNativeTarget section */
		2C11571E1AF971FE00B16E8E /* Rewund */ = {
			isa = PBXNativeTarget;
			buildConfigurationList = 2C1157421AF971FF00B16E8E /* Build configuration list for PBXNativeTarget "Rewund" */;
			buildPhases = (
				2C11571B1AF971FE00B16E8E /* Sources */,
				2C11571C1AF971FE00B16E8E /* Frameworks */,
				2C11571D1AF971FE00B16E8E /* Resources */,
			);
			buildRules = (
			);
			dependencies = (
			);
			name = Rewund;
			productName = Rewund;
			productReference = 2C11571F1AF971FE00B16E8E /* Rewund.app */;
			productType = "com.apple.product-type.application";
		};
		2C1157371AF971FF00B16E8E /* RewundTests */ = {
			isa = PBXNativeTarget;
			buildConfigurationList = 2C1157451AF971FF00B16E8E /* Build configuration list for PBXNativeTarget "RewundTests" */;
			buildPhases = (
				2C1157341AF971FF00B16E8E /* Sources */,
				2C1157351AF971FF00B16E8E /* Frameworks */,
				2C1157361AF971FF00B16E8E /* Resources */,
			);
			buildRules = (
			);
			dependencies = (
				2C11573A1AF971FF00B16E8E /* PBXTargetDependency */,
			);
			name = RewundTests;
			productName = RewundTests;
			productReference = 2C1157381AF971FF00B16E8E /* RewundTests.xctest */;
			productType = "com.apple.product-type.bundle.unit-test";
		};
/* End PBXNativeTarget section */

/* Begin PBXProject section */
		2C1157171AF971FE00B16E8E /* Project object */ = {
			isa = PBXProject;
			attributes = {
				LastUpgradeCheck = 0630;
				ORGANIZATIONNAME = SwiftBeard;
				TargetAttributes = {
					2C11571E1AF971FE00B16E8E = {
						CreatedOnToolsVersion = 6.3.1;
					};
					2C1157371AF971FF00B16E8E = {
						CreatedOnToolsVersion = 6.3.1;
						TestTargetID = 2C11571E1AF971FE00B16E8E;
					};
				};
			};
			buildConfigurationList = 2C11571A1AF971FE00B16E8E /* Build configuration list for PBXProject "Rewund" */;
			compatibilityVersion = "Xcode 3.2";
			developmentRegion = English;
			hasScannedForEncodings = 0;
			knownRegions = (
				en,
				Base,
			);
			mainGroup = 2C1157161AF971FE00B16E8E;
			productRefGroup = 2C1157201AF971FE00B16E8E /* Products */;
			projectDirPath = "";
			projectRoot = "";
			targets = (
				2C11571E1AF971FE00B16E8E /* Rewund */,
				2C1157371AF971FF00B16E8E /* RewundTests */,
			);
		};
/* End PBXProject section */

/* Begin PBXResourcesBuildPhase section */
		2C11571D1AF971FE00B16E8E /* Resources */ = {
			isa = PBXResourcesBuildPhase;
			buildActionMask = 2147483647;
			files = (
				2C11572E1AF971FF00B16E8E /* Main.storyboard in Resources */,
				2C1157331AF971FF00B16E8E /* LaunchScreen.xib in Resources */,
				2C1157301AF971FF00B16E8E /* Images.xcassets in Resources */,
			);
			runOnlyForDeploymentPostprocessing = 0;
		};
		2C1157361AF971FF00B16E8E /* Resources */ = {
			isa = PBXResourcesBuildPhase;
			buildActionMask = 2147483647;
			files = (
			);
			runOnlyForDeploymentPostprocessing = 0;
		};
/* End PBXResourcesBuildPhase section */

/* Begin PBXSourcesBuildPhase section */
		2C11571B1AF971FE00B16E8E /* Sources */ = {
			isa = PBXSourcesBuildPhase;
			buildActionMask = 2147483647;
			files = (
				2C11572B1AF971FF00B16E8E /* ViewController.m in Sources */,
				2C1157281AF971FF00B16E8E /* AppDelegate.m in Sources */,
				2C1157251AF971FF00B16E8E /* main.m in Sources */,
			);
			runOnlyForDeploymentPostprocessing = 0;
		};
		2C1157341AF971FF00B16E8E /* Sources */ = {
			isa = PBXSourcesBuildPhase;
			buildActionMask = 2147483647;
			files = (
				2C11573F1AF971FF00B16E8E /* RewundTests.m in Sources */,
			);
			runOnlyForDeploymentPostprocessing = 0;
		};
/* End PBXSourcesBuildPhase section */

/* Begin PBXTargetDependency section */
		2C11573A1AF971FF00B16E8E /* PBXTargetDependency */ = {
			isa = PBXTargetDependency;
			target = 2C11571E1AF971FE00B16E8E /* Rewund */;
			targetProxy = 2C1157391AF971FF00B16E8E /* PBXContainerItemProxy */;
		};
/* End PBXTargetDependency section */

/* Begin PBXVariantGroup section */
		2C11572C1AF971FF00B16E8E /* Main.storyboard */ = {
			isa = PBXVariantGroup;
			children = (
				2C11572D1AF971FF00B16E8E /* Base */,
			);
			name = Main.storyboard;
			sourceTree = "<group>";
		};
		2C1157311AF971FF00B16E8E /* LaunchScreen.xib */ = {
			isa = PBXVariantGroup;
			children = (
				2C1157321AF971FF00B16E8E /* Base */,
			);
			name = LaunchScreen.xib;
			sourceTree = "<group>";
		};
/* End PBXVariantGroup section */

/* Begin XCBuildConfiguration section */
		2C1157401AF971FF00B16E8E /* Debug */ = {
			isa = XCBuildConfiguration;
			buildSettings = {
				ALWAYS_SEARCH_USER_PATHS = NO;
				CLANG_CXX_LANGUAGE_STANDARD = "gnu++0x";
				CLANG_CXX_LIBRARY = "libc++";
				CLANG_ENABLE_MODULES = YES;
				CLANG_ENABLE_OBJC_ARC = YES;
				CLANG_WARN_BOOL_CONVERSION = YES;
				CLANG_WARN_CONSTANT_CONVERSION = YES;
				CLANG_WARN_DIRECT_OBJC_ISA_USAGE = YES_ERROR;
				CLANG_WARN_EMPTY_BODY = YES;
				CLANG_WARN_ENUM_CONVERSION = YES;
				CLANG_WARN_INT_CONVERSION = YES;
				CLANG_WARN_OBJC_ROOT_CLASS = YES_ERROR;
				CLANG_WARN_UNREACHABLE_CODE = YES;
				CLANG_WARN__DUPLICATE_METHOD_MATCH = YES;
				"CODE_SIGN_IDENTITY[sdk=iphoneos*]" = "iPhone Developer";
				COPY_PHASE_STRIP = NO;
				DEBUG_INFORMATION_FORMAT = "dwarf-with-dsym";
				ENABLE_STRICT_OBJC_MSGSEND = YES;
				GCC_C_LANGUAGE_STANDARD = gnu99;
				GCC_DYNAMIC_NO_PIC = NO;
				GCC_NO_COMMON_BLOCKS = YES;
				GCC_OPTIMIZATION_LEVEL = 0;
				GCC_PREPROCESSOR_DEFINITIONS = (
					"DEBUG=1",
					"$(inherited)",
				);
				GCC_SYMBOLS_PRIVATE_EXTERN = NO;
				GCC_WARN_64_TO_32_BIT_CONVERSION = YES;
				GCC_WARN_ABOUT_RETURN_TYPE = YES_ERROR;
				GCC_WARN_UNDECLARED_SELECTOR = YES;
				GCC_WARN_UNINITIALIZED_AUTOS = YES_AGGRESSIVE;
				GCC_WARN_UNUSED_FUNCTION = YES;
				GCC_WARN_UNUSED_VARIABLE = YES;
				IPHONEOS_DEPLOYMENT_TARGET = 8.3;
				MTL_ENABLE_DEBUG_INFO = YES;
				ONLY_ACTIVE_ARCH = YES;
				SDKROOT = iphoneos;
			};
			name = Debug;
		};
		2C1157411AF971FF00B16E8E /* Release */ = {
			isa = XCBuildConfiguration;
			buildSettings = {
				ALWAYS_SEARCH_USER_PATHS = NO;
				CLANG_CXX_LANGUAGE_STANDARD = "gnu++0x";
				CLANG_CXX_LIBRARY = "libc++";
				CLANG_ENABLE_MODULES = YES;
				CLANG_ENABLE_OBJC_ARC = YES;
				CLANG_WARN_BOOL_CONVERSION = YES;
				CLANG_WARN_CONSTANT_CONVERSION = YES;
				CLANG_WARN_DIRECT_OBJC_ISA_USAGE = YES_ERROR;
				CLANG_WARN_EMPTY_BODY = YES;
				CLANG_WARN_ENUM_CONVERSION = YES;
				CLANG_WARN_INT_CONVERSION = YES;
				CLANG_WARN_OBJC_ROOT_CLASS = YES_ERROR;
				CLANG_WARN_UNREACHABLE_CODE = YES;
				CLANG_WARN__DUPLICATE_METHOD_MATCH = YES;
				"CODE_SIGN_IDENTITY[sdk=iphoneos*]" = "iPhone Developer";
				COPY_PHASE_STRIP = NO;
				DEBUG_INFORMATION_FORMAT = "dwarf-with-dsym";
				ENABLE_NS_ASSERTIONS = NO;
				ENABLE_STRICT_OBJC_MSGSEND = YES;
				GCC_C_LANGUAGE_STANDARD = gnu99;
				GCC_NO_COMMON_BLOCKS = YES;
				GCC_WARN_64_TO_32_BIT_CONVERSION = YES;
				GCC_WARN_ABOUT_RETURN_TYPE = YES_ERROR;
				GCC_WARN_UNDECLARED_SELECTOR = YES;
				GCC_WARN_UNINITIALIZED_AUTOS = YES_AGGRESSIVE;
				GCC_WARN_UNUSED_FUNCTION = YES;
				GCC_WARN_UNUSED_VARIABLE = YES;
				IPHONEOS_DEPLOYMENT_TARGET = 8.3;
				MTL_ENABLE_DEBUG_INFO = NO;
				SDKROOT = iphoneos;
				VALIDATE_PRODUCT = YES;
			};
			name = Release;
		};
		2C1157431AF971FF00B16E8E /* Debug */ = {
			isa = XCBuildConfiguration;
			buildSettings = {
				ASSETCATALOG_COMPILER_APPICON_NAME = AppIcon;
				INFOPLIST_FILE = Rewund/Info.plist;
				LD_RUNPATH_SEARCH_PATHS = "$(inherited) @executable_path/Frameworks";
				PRODUCT_NAME = "$(TARGET_NAME)";
			};
			name = Debug;
		};
		2C1157441AF971FF00B16E8E /* Release */ = {
			isa = XCBuildConfiguration;
			buildSettings = {
				ASSETCATALOG_COMPILER_APPICON_NAME = AppIcon;
				INFOPLIST_FILE = Rewund/Info.plist;
				LD_RUNPATH_SEARCH_PATHS = "$(inherited) @executable_path/Frameworks";
				PRODUCT_NAME = "$(TARGET_NAME)";
			};
			name = Release;
		};
		2C1157461AF971FF00B16E8E /* Debug */ = {
			isa = XCBuildConfiguration;
			buildSettings = {
				BUNDLE_LOADER = "$(TEST_HOST)";
				FRAMEWORK_SEARCH_PATHS = (
					"$(SDKROOT)/Developer/Library/Frameworks",
					"$(inherited)",
				);
				GCC_PREPROCESSOR_DEFINITIONS = (
					"DEBUG=1",
					"$(inherited)",
				);
				INFOPLIST_FILE = RewundTests/Info.plist;
				LD_RUNPATH_SEARCH_PATHS = "$(inherited) @executable_path/Frameworks @loader_path/Frameworks";
				PRODUCT_NAME = "$(TARGET_NAME)";
				TEST_HOST = "$(BUILT_PRODUCTS_DIR)/Rewund.app/Rewund";
			};
			name = Debug;
		};
		2C1157471AF971FF00B16E8E /* Release */ = {
			isa = XCBuildConfiguration;
			buildSettings = {
				BUNDLE_LOADER = "$(TEST_HOST)";
				FRAMEWORK_SEARCH_PATHS = (
					"$(SDKROOT)/Developer/Library/Frameworks",
					"$(inherited)",
				);
				INFOPLIST_FILE = RewundTests/Info.plist;
				LD_RUNPATH_SEARCH_PATHS = "$(inherited) @executable_path/Frameworks @loader_path/Frameworks";
				PRODUCT_NAME = "$(TARGET_NAME)";
				TEST_HOST = "$(BUILT_PRODUCTS_DIR)/Rewund.app/Rewund";
			};
			name = Release;
		};
/* End XCBuildConfiguration section */

/* Begin XCConfigurationList section */
		2C11571A1AF971FE00B16E8E /* Build configuration list for PBXProject "Rewund" */ = {
			isa = XCConfigurationList;
			buildConfigurations = (
				2C1157401AF971FF00B16E8E /* Debug */,
				2C1157411AF971FF00B16E8E /* Release */,
			);
			defaultConfigurationIsVisible = 0;
			defaultConfigurationName = Release;
		};
		2C1157421AF971FF00B16E8E /* Build configuration list for PBXNativeTarget "Rewund" */ = {
			isa = XCConfigurationList;
			buildConfigurations = (
				2C1157431AF971FF00B16E8E /* Debug */,
				2C1157441AF971FF00B16E8E /* Release */,
			);
			defaultConfigurationIsVisible = 0;
		};
		2C1157451AF971FF00B16E8E /* Build configuration list for PBXNativeTarget "RewundTests" */ = {
			isa = XCConfigurationList;
			buildConfigurations = (
				2C1157461AF971FF00B16E8E /* Debug */,
				2C1157471AF971FF00B16E8E /* Release */,
			);
			defaultConfigurationIsVisible = 0;
		};
/* End XCConfigurationList section */
	};
	rootObject = 2C1157171AF971FE00B16E8E /* Project object */;
}
